
Microsoft Visual Studio Solution File, Format Version 12.00
# Visual Studio 15
VisualStudioVersion = 15.0.28307.421
MinimumVisualStudioVersion = 10.0.40219.1
Project("{FAE04EC0-301F-11D3-BF4B-00C04F79EFBC}") = "SpelltheNumber", "SpelltheNumber\SpelltheNumber.csproj", "{F5896E65-5415-4479-91F6-CF2E1AEBE619}"
EndProject
Project("{FAE04EC0-301F-11D3-BF4B-00C04F79EFBC}") = "SpelltheNumberAdapter", "SpelltheNumberAdapter\SpelltheNumberAdapter.csproj", "{7CEED5A1-7BE9-4E75-9EAB-7FB07863AB15}"
EndProject
Project("{FAE04EC0-301F-11D3-BF4B-00C04F79EFBC}") = "SpelltheNumber.Test", "SpelltheNumber.Test\SpelltheNumber.Test.csproj", "{012C3E50-7E30-4F39-9B4E-6767FD1BD3CC}"
EndProject
Global
	GlobalSection(SolutionConfigurationPlatforms) = preSolution
		Debug|Any CPU = Debug|Any CPU
		Release|Any CPU = Release|Any CPU
	EndGlobalSection
	GlobalSection(ProjectConfigurationPlatforms) = postSolution
		{F5896E65-5415-4479-91F6-CF2E1AEBE619}.Debug|Any CPU.ActiveCfg = Debug|Any CPU
		{F5896E65-5415-4479-91F6-CF2E1AEBE619}.Debug|Any CPU.Build.0 = Debug|Any CPU
		{F5896E65-5415-4479-91F6-CF2E1AEBE619}.Release|Any CPU.ActiveCfg = Release|Any CPU
		{F5896E65-5415-4479-91F6-CF2E1AEBE619}.Release|Any CPU.Build.0 = Release|Any CPU
		{7CEED5A1-7BE9-4E75-9EAB-7FB07863AB15}.Debug|Any CPU.ActiveCfg = Debug|Any CPU
		{7CEED5A1-7BE9-4E75-9EAB-7FB07863AB15}.Debug|Any CPU.Build.0 = Debug|Any CPU
		{7CEED5A1-7BE9-4E75-9EAB-7FB07863AB15}.Release|Any CPU.ActiveCfg = Release|Any CPU
		{7CEED5A1-7BE9-4E75-9EAB-7FB07863AB15}.Release|Any CPU.Build.0 = Release|Any CPU
		{012C3E50-7E30-4F39-9B4E-6767FD1BD3CC}.Debug|Any CPU.ActiveCfg = Debug|Any CPU
		{012C3E50-7E30-4F39-9B4E-6767FD1BD3CC}.Debug|Any CPU.Build.0 = Debug|Any CPU
		{012C3E50-7E30-4F39-9B4E-6767FD1BD3CC}.Release|Any CPU.ActiveCfg = Release|Any CPU
		{012C3E50-7E30-4F39-9B4E-6767FD1BD3CC}.Release|Any CPU.Build.0 = Release|Any CPU
	EndGlobalSection
	GlobalSection(SolutionProperties) = preSolution
		HideSolutionNode = FALSE
	EndGlobalSection
	GlobalSection(ExtensibilityGlobals) = postSolution
		SolutionGuid = {55C7750C-F4D7-4D72-AF9E-3D1A39DB3C39}
	EndGlobalSection
EndGlobal
